
Microsoft Visual Studio Solution File, Format Version 12.00
# Visual Studio Version 17
VisualStudioVersion = 17.0.31903.59
MinimumVisualStudioVersion = 10.0.40219.1
Project("{2150E333-8FDC-42A3-9474-1A3956D46DE8}") = "src", "src", "{073F76DC-3ABD-42CB-BCFD-2852346A11F4}"
EndProject
Project("{FAE04EC0-301F-11D3-BF4B-00C04F79EFBC}") = "Web", "src\Web\Web.csproj", "{029C9704-69CD-4817-AA02-A69C86D03E2A}"
EndProject
Project("{FAE04EC0-301F-11D3-BF4B-00C04F79EFBC}") = "Infrastructure", "src\Infrastructure\Infrastructure.csproj", "{A13668E5-7BF8-4D1E-8C29-EB15B6704757}"
EndProject
Project("{FAE04EC0-301F-11D3-BF4B-00C04F79EFBC}") = "Application", "src\Application\Application.csproj", "{B184D54F-02C6-4F1A-B4CE-3F84F22CEB61}"
EndProject
Project("{FAE04EC0-301F-11D3-BF4B-00C04F79EFBC}") = "Domain", "src\Domain\Domain.csproj", "{6920EC17-4201-4D14-8BCF-5CCE23AFDD79}"
EndProject
Global
	GlobalSection(SolutionConfigurationPlatforms) = preSolution
		Debug|Any CPU = Debug|Any CPU
		Release|Any CPU = Release|Any CPU
	EndGlobalSection
	GlobalSection(ProjectConfigurationPlatforms) = postSolution
		{029C9704-69CD-4817-AA02-A69C86D03E2A}.Debug|Any CPU.ActiveCfg = Debug|Any CPU
		{029C9704-69CD-4817-AA02-A69C86D03E2A}.Debug|Any CPU.Build.0 = Debug|Any CPU
		{029C9704-69CD-4817-AA02-A69C86D03E2A}.Release|Any CPU.ActiveCfg = Release|Any CPU
		{029C9704-69CD-4817-AA02-A69C86D03E2A}.Release|Any CPU.Build.0 = Release|Any CPU
		{A13668E5-7BF8-4D1E-8C29-EB15B6704757}.Debug|Any CPU.ActiveCfg = Debug|Any CPU
		{A13668E5-7BF8-4D1E-8C29-EB15B6704757}.Debug|Any CPU.Build.0 = Debug|Any CPU
		{A13668E5-7BF8-4D1E-8C29-EB15B6704757}.Release|Any CPU.ActiveCfg = Release|Any CPU
		{A13668E5-7BF8-4D1E-8C29-EB15B6704757}.Release|Any CPU.Build.0 = Release|Any CPU
		{B184D54F-02C6-4F1A-B4CE-3F84F22CEB61}.Debug|Any CPU.ActiveCfg = Debug|Any CPU
		{B184D54F-02C6-4F1A-B4CE-3F84F22CEB61}.Debug|Any CPU.Build.0 = Debug|Any CPU
		{B184D54F-02C6-4F1A-B4CE-3F84F22CEB61}.Release|Any CPU.ActiveCfg = Release|Any CPU
		{B184D54F-02C6-4F1A-B4CE-3F84F22CEB61}.Release|Any CPU.Build.0 = Release|Any CPU
		{6920EC17-4201-4D14-8BCF-5CCE23AFDD79}.Debug|Any CPU.ActiveCfg = Debug|Any CPU
		{6920EC17-4201-4D14-8BCF-5CCE23AFDD79}.Debug|Any CPU.Build.0 = Debug|Any CPU
		{6920EC17-4201-4D14-8BCF-5CCE23AFDD79}.Release|Any CPU.ActiveCfg = Release|Any CPU
		{6920EC17-4201-4D14-8BCF-5CCE23AFDD79}.Release|Any CPU.Build.0 = Release|Any CPU
	EndGlobalSection
	GlobalSection(NestedProjects) = preSolution
		{029C9704-69CD-4817-AA02-A69C86D03E2A} = {073F76DC-3ABD-42CB-BCFD-2852346A11F4}
		{A13668E5-7BF8-4D1E-8C29-EB15B6704757} = {073F76DC-3ABD-42CB-BCFD-2852346A11F4}
		{B184D54F-02C6-4F1A-B4CE-3F84F22CEB61} = {073F76DC-3ABD-42CB-BCFD-2852346A11F4}
		{6920EC17-4201-4D14-8BCF-5CCE23AFDD79} = {073F76DC-3ABD-42CB-BCFD-2852346A11F4}
	EndGlobalSection
EndGlobal
